
Microsoft Visual Studio Solution File, Format Version 12.00
# Visual Studio 15
VisualStudioVersion = 15.0.27703.2000
MinimumVisualStudioVersion = 10.0.40219.1
Project("{9A19103F-16F7-4668-BE54-9A1E7A4F7556}") = "StringLibrary", "StringLibrary\StringLibrary.csproj", "{492EE6CF-D406-4FAE-B8B6-7E6FE5BC2B42}"
EndProject
Project("{9A19103F-16F7-4668-BE54-9A1E7A4F7556}") = "StringLibraryUnitTest", "StringLibraryUnitTest\StringLibraryUnitTest.csproj", "{C16D95F6-07F0-4B24-8E03-605CF63544FF}"
EndProject
Project("{9A19103F-16F7-4668-BE54-9A1E7A4F7556}") = "ShowCase", "ShowCase\ShowCase.csproj", "{2CBA84EC-5E07-445D-BDB9-4B1FA13E89EB}"
EndProject
Project("{FAE04EC0-301F-11D3-BF4B-00C04F79EFBC}") = "MyCalcNuget", "MyCalcNuget\MyCalcNuget.csproj", "{68DFC3B7-0902-4CB3-BF64-32F82DA8D9AF}"
EndProject
Project("{FAE04EC0-301F-11D3-BF4B-00C04F79EFBC}") = "MyCalcNugetUnitTests", "MyCalcNugetUnitTests\MyCalcNugetUnitTests.csproj", "{68B3CC08-043F-4BBB-9E07-E290D02CB8BA}"
EndProject
Global
	GlobalSection(SolutionConfigurationPlatforms) = preSolution
		Debug|Any CPU = Debug|Any CPU
		Release|Any CPU = Release|Any CPU
	EndGlobalSection
	GlobalSection(ProjectConfigurationPlatforms) = postSolution
		{492EE6CF-D406-4FAE-B8B6-7E6FE5BC2B42}.Debug|Any CPU.ActiveCfg = Debug|Any CPU
		{492EE6CF-D406-4FAE-B8B6-7E6FE5BC2B42}.Debug|Any CPU.Build.0 = Debug|Any CPU
		{492EE6CF-D406-4FAE-B8B6-7E6FE5BC2B42}.Release|Any CPU.ActiveCfg = Release|Any CPU
		{492EE6CF-D406-4FAE-B8B6-7E6FE5BC2B42}.Release|Any CPU.Build.0 = Release|Any CPU
		{C16D95F6-07F0-4B24-8E03-605CF63544FF}.Debug|Any CPU.ActiveCfg = Debug|Any CPU
		{C16D95F6-07F0-4B24-8E03-605CF63544FF}.Debug|Any CPU.Build.0 = Debug|Any CPU
		{C16D95F6-07F0-4B24-8E03-605CF63544FF}.Release|Any CPU.ActiveCfg = Release|Any CPU
		{C16D95F6-07F0-4B24-8E03-605CF63544FF}.Release|Any CPU.Build.0 = Release|Any CPU
		{2CBA84EC-5E07-445D-BDB9-4B1FA13E89EB}.Debug|Any CPU.ActiveCfg = Debug|Any CPU
		{2CBA84EC-5E07-445D-BDB9-4B1FA13E89EB}.Debug|Any CPU.Build.0 = Debug|Any CPU
		{2CBA84EC-5E07-445D-BDB9-4B1FA13E89EB}.Release|Any CPU.ActiveCfg = Release|Any CPU
		{2CBA84EC-5E07-445D-BDB9-4B1FA13E89EB}.Release|Any CPU.Build.0 = Release|Any CPU
		{68DFC3B7-0902-4CB3-BF64-32F82DA8D9AF}.Debug|Any CPU.ActiveCfg = Debug|Any CPU
		{68DFC3B7-0902-4CB3-BF64-32F82DA8D9AF}.Debug|Any CPU.Build.0 = Debug|Any CPU
		{68DFC3B7-0902-4CB3-BF64-32F82DA8D9AF}.Release|Any CPU.ActiveCfg = Release|Any CPU
		{68DFC3B7-0902-4CB3-BF64-32F82DA8D9AF}.Release|Any CPU.Build.0 = Release|Any CPU
		{68B3CC08-043F-4BBB-9E07-E290D02CB8BA}.Debug|Any CPU.ActiveCfg = Debug|Any CPU
		{68B3CC08-043F-4BBB-9E07-E290D02CB8BA}.Debug|Any CPU.Build.0 = Debug|Any CPU
		{68B3CC08-043F-4BBB-9E07-E290D02CB8BA}.Release|Any CPU.ActiveCfg = Release|Any CPU
		{68B3CC08-043F-4BBB-9E07-E290D02CB8BA}.Release|Any CPU.Build.0 = Release|Any CPU
	EndGlobalSection
	GlobalSection(SolutionProperties) = preSolution
		HideSolutionNode = FALSE
	EndGlobalSection
	GlobalSection(ExtensibilityGlobals) = postSolution
		SolutionGuid = {AA5003E5-488F-4AAF-A402-A13F7E3F4CF8}
	EndGlobalSection
EndGlobal
